{
  "name": "library-store-fixture",
  "version": "1.0.0",
  "lockfileVersion": 3,
  "requires": true,
  "packages": {
    "": {
      "name": "library-store-fixture",
      "version": "1.0.0",
      "dependencies": {
        "@fixture/beacon": "^0.9.0",
        "@fixture/live": "^1.2.0",
        "@fixture/queue": "^2.4.0",
        "fixture-private-bus": "^1.0.0"
      }
    },
    "node_modules/@fixture/beacon": {
      "version": "0.9.0",
      "resolved": "https://registry.npmjs.org/@fixture/beacon/-/beacon-0.9.0.tgz",
      "integrity": "sha512-fixture"
    },
    "node_modules/@fixture/live": {
      "version": "1.2.0",
      "resolved": "https://registry.npmjs.org/@fixture/live/-/live-1.2.0.tgz",
      "integrity": "sha512-fixture"
    },
    "node_modules/@fixture/queue": {
      "version": "2.4.1",
      "resolved": "https://registry.npmjs.org/@fixture/queue/-/queue-2.4.1.tgz",
      "integrity": "sha512-fixture"
    },
    "node_modules/fixture-private-bus": {
      "version": "1.0.0",
      "resolved": "https://npm.internal.example/fixture-private-bus/-/fixture-private-bus-1.0.0.tgz",
      "integrity": "sha512-fixture"
    }
  }
}
