{
  "name": "carrick-fixture-nested-api",
  "version": "1.0.0",
  "lockfileVersion": 3,
  "requires": true,
  "packages": {
    "": {
      "name": "carrick-fixture-nested-api",
      "version": "1.0.0",
      "dependencies": {
        "api-lib": "file:./api-lib"
      }
    },
    "api-lib": {
      "version": "1.0.0"
    },
    "node_modules/api-lib": {
      "resolved": "api-lib",
      "link": true
    }
  }
}
