{
  "name": "carrick-fixture-nested-root",
  "version": "1.0.0",
  "lockfileVersion": 3,
  "requires": true,
  "packages": {
    "": {
      "name": "carrick-fixture-nested-root",
      "version": "1.0.0",
      "dependencies": {
        "root-lib": "file:./root-lib"
      }
    },
    "node_modules/root-lib": {
      "resolved": "root-lib",
      "link": true
    },
    "root-lib": {
      "version": "1.0.0"
    }
  }
}
