{
  "name": "carrick-fixture-npm-lockfile",
  "version": "1.0.0",
  "lockfileVersion": 3,
  "requires": true,
  "packages": {
    "": {
      "name": "carrick-fixture-npm-lockfile",
      "version": "1.0.0",
      "dependencies": {
        "local-lib": "file:./local-lib"
      }
    },
    "local-lib": {
      "version": "1.0.0",
      "hasInstallScript": true
    },
    "node_modules/local-lib": {
      "resolved": "local-lib",
      "link": true
    }
  }
}
